PODS:
  - ViewDidAppearFirstTime (0.1.0)

DEPENDENCIES:
  - ViewDidAppearFirstTime (from `../`)

EXTERNAL SOURCES:
  ViewDidAppearFirstTime:
    :path: ../

SPEC CHECKSUMS:
  ViewDidAppearFirstTime: a8a531aa5dd7fce412c3ddd29d1636e7431d267b

PODFILE CHECKSUM: de7a2ee9f3e5874daedb9c3828b5810e8592cae6

COCOAPODS: 1.3.1
